
Microsoft Visual Studio Solution File, Format Version 12.00
# Visual Studio 2013
VisualStudioVersion = 12.0.30324.0
MinimumVisualStudioVersion = 10.0.40219.1
Project("{FAE04EC0-301F-11D3-BF4B-00C04F79EFBC}") = "HomeAutomationServer", "HomeAutomationServer\HomeAutomationServer.csproj", "{7334E120-5CFB-43E3-9DD3-B86A6910CCCA}"
EndProject
Project("{FAE04EC0-301F-11D3-BF4B-00C04F79EFBC}") = "HomeAutomationServer.Tests", "HomeAutomationServer.Tests\HomeAutomationServer.Tests.csproj", "{D08788F4-8247-43E2-B4DC-C70AC9D5E352}"
EndProject
Project("{FAE04EC0-301F-11D3-BF4B-00C04F79EFBC}") = "api", "..\Automation_System\Devices\api\api.csproj", "{DCE2FD21-5B48-4413-A2A2-B55D1B70C7D4}"
EndProject
Global
	GlobalSection(SolutionConfigurationPlatforms) = preSolution
		Debug|Any CPU = Debug|Any CPU
		Release|Any CPU = Release|Any CPU
	EndGlobalSection
	GlobalSection(ProjectConfigurationPlatforms) = postSolution
		{7334E120-5CFB-43E3-9DD3-B86A6910CCCA}.Debug|Any CPU.ActiveCfg = Debug|Any CPU
		{7334E120-5CFB-43E3-9DD3-B86A6910CCCA}.Debug|Any CPU.Build.0 = Debug|Any CPU
		{7334E120-5CFB-43E3-9DD3-B86A6910CCCA}.Release|Any CPU.ActiveCfg = Release|Any CPU
		{7334E120-5CFB-43E3-9DD3-B86A6910CCCA}.Release|Any CPU.Build.0 = Release|Any CPU
		{D08788F4-8247-43E2-B4DC-C70AC9D5E352}.Debug|Any CPU.ActiveCfg = Debug|Any CPU
		{D08788F4-8247-43E2-B4DC-C70AC9D5E352}.Debug|Any CPU.Build.0 = Debug|Any CPU
		{D08788F4-8247-43E2-B4DC-C70AC9D5E352}.Release|Any CPU.ActiveCfg = Release|Any CPU
		{D08788F4-8247-43E2-B4DC-C70AC9D5E352}.Release|Any CPU.Build.0 = Release|Any CPU
		{DCE2FD21-5B48-4413-A2A2-B55D1B70C7D4}.Debug|Any CPU.ActiveCfg = Debug|Any CPU
		{DCE2FD21-5B48-4413-A2A2-B55D1B70C7D4}.Debug|Any CPU.Build.0 = Debug|Any CPU
		{DCE2FD21-5B48-4413-A2A2-B55D1B70C7D4}.Release|Any CPU.ActiveCfg = Release|Any CPU
		{DCE2FD21-5B48-4413-A2A2-B55D1B70C7D4}.Release|Any CPU.Build.0 = Release|Any CPU
	EndGlobalSection
	GlobalSection(SolutionProperties) = preSolution
		HideSolutionNode = FALSE
	EndGlobalSection
EndGlobal
